
Microsoft Visual Studio Solution File, Format Version 12.00
# Visual Studio Version 17
VisualStudioVersion = 17.1.32421.90
MinimumVisualStudioVersion = 10.0.40219.1
Project("{FAE04EC0-301F-11D3-BF4B-00C04F79EFBC}") = "Balls!", "Balls!\Balls!.csproj", "{C2E636DD-A9FC-425F-B698-2329B96F6133}"
EndProject
Global
	GlobalSection(SolutionConfigurationPlatforms) = preSolution
		Debug|Any CPU = Debug|Any CPU
		Release|Any CPU = Release|Any CPU
	EndGlobalSection
	GlobalSection(ProjectConfigurationPlatforms) = postSolution
		{C2E636DD-A9FC-425F-B698-2329B96F6133}.Debug|Any CPU.ActiveCfg = Debug|Any CPU
		{C2E636DD-A9FC-425F-B698-2329B96F6133}.Debug|Any CPU.Build.0 = Debug|Any CPU
		{C2E636DD-A9FC-425F-B698-2329B96F6133}.Release|Any CPU.ActiveCfg = Release|Any CPU
		{C2E636DD-A9FC-425F-B698-2329B96F6133}.Release|Any CPU.Build.0 = Release|Any CPU
	EndGlobalSection
	GlobalSection(SolutionProperties) = preSolution
		HideSolutionNode = FALSE
	EndGlobalSection
	GlobalSection(ExtensibilityGlobals) = postSolution
		SolutionGuid = {419D5C2F-A3B8-4168-A635-F8D5A19FFDCF}
	EndGlobalSection
EndGlobal
